
Microsoft Visual Studio Solution File, Format Version 12.00
# Visual Studio Version 17
VisualStudioVersion = 17.1.32328.378
MinimumVisualStudioVersion = 10.0.40219.1
Project("{FAE04EC0-301F-11D3-BF4B-00C04F79EFBC}") = "simpleSample", "simpleSample\simpleSample.csproj", "{858A73E3-5517-4D2A-A5C8-D60698FD369A}"
EndProject
Global
	GlobalSection(SolutionConfigurationPlatforms) = preSolution
		Debug|Any CPU = Debug|Any CPU
		Release|Any CPU = Release|Any CPU
	EndGlobalSection
	GlobalSection(ProjectConfigurationPlatforms) = postSolution
		{858A73E3-5517-4D2A-A5C8-D60698FD369A}.Debug|Any CPU.ActiveCfg = Debug|Any CPU
		{858A73E3-5517-4D2A-A5C8-D60698FD369A}.Debug|Any CPU.Build.0 = Debug|Any CPU
		{858A73E3-5517-4D2A-A5C8-D60698FD369A}.Release|Any CPU.ActiveCfg = Release|Any CPU
		{858A73E3-5517-4D2A-A5C8-D60698FD369A}.Release|Any CPU.Build.0 = Release|Any CPU
	EndGlobalSection
	GlobalSection(SolutionProperties) = preSolution
		HideSolutionNode = FALSE
	EndGlobalSection
	GlobalSection(ExtensibilityGlobals) = postSolution
		SolutionGuid = {0905A93C-DB20-4AF8-93F7-B59F088C0FAD}
	EndGlobalSection
EndGlobal
