
Microsoft Visual Studio Solution File, Format Version 12.00
# Visual Studio Version 17
VisualStudioVersion = 17.1.32328.378
MinimumVisualStudioVersion = 10.0.40219.1
Project("{FAE04EC0-301F-11D3-BF4B-00C04F79EFBC}") = "KararYapisiDevam", "KararYapisiDevam\KararYapisiDevam.csproj", "{2EFB8E4E-3C2F-4A5F-A6DD-E910DE53A733}"
EndProject
Global
	GlobalSection(SolutionConfigurationPlatforms) = preSolution
		Debug|Any CPU = Debug|Any CPU
		Release|Any CPU = Release|Any CPU
	EndGlobalSection
	GlobalSection(ProjectConfigurationPlatforms) = postSolution
		{2EFB8E4E-3C2F-4A5F-A6DD-E910DE53A733}.Debug|Any CPU.ActiveCfg = Debug|Any CPU
		{2EFB8E4E-3C2F-4A5F-A6DD-E910DE53A733}.Debug|Any CPU.Build.0 = Debug|Any CPU
		{2EFB8E4E-3C2F-4A5F-A6DD-E910DE53A733}.Release|Any CPU.ActiveCfg = Release|Any CPU
		{2EFB8E4E-3C2F-4A5F-A6DD-E910DE53A733}.Release|Any CPU.Build.0 = Release|Any CPU
	EndGlobalSection
	GlobalSection(SolutionProperties) = preSolution
		HideSolutionNode = FALSE
	EndGlobalSection
	GlobalSection(ExtensibilityGlobals) = postSolution
		SolutionGuid = {30C3C003-D773-464D-A64A-6CE88AAD1551}
	EndGlobalSection
EndGlobal
