
Microsoft Visual Studio Solution File, Format Version 12.00
# Visual Studio Version 17
VisualStudioVersion = 17.1.32328.378
MinimumVisualStudioVersion = 10.0.40219.1
Project("{FAE04EC0-301F-11D3-BF4B-00C04F79EFBC}") = "Constructor", "Constructor\Constructor.csproj", "{42267CC4-29AF-43E1-8E1A-EF70DFDA90EB}"
EndProject
Global
	GlobalSection(SolutionConfigurationPlatforms) = preSolution
		Debug|Any CPU = Debug|Any CPU
		Release|Any CPU = Release|Any CPU
	EndGlobalSection
	GlobalSection(ProjectConfigurationPlatforms) = postSolution
		{42267CC4-29AF-43E1-8E1A-EF70DFDA90EB}.Debug|Any CPU.ActiveCfg = Debug|Any CPU
		{42267CC4-29AF-43E1-8E1A-EF70DFDA90EB}.Debug|Any CPU.Build.0 = Debug|Any CPU
		{42267CC4-29AF-43E1-8E1A-EF70DFDA90EB}.Release|Any CPU.ActiveCfg = Release|Any CPU
		{42267CC4-29AF-43E1-8E1A-EF70DFDA90EB}.Release|Any CPU.Build.0 = Release|Any CPU
	EndGlobalSection
	GlobalSection(SolutionProperties) = preSolution
		HideSolutionNode = FALSE
	EndGlobalSection
	GlobalSection(ExtensibilityGlobals) = postSolution
		SolutionGuid = {41658B99-DE55-4553-BE3B-04242532DF7E}
	EndGlobalSection
EndGlobal
