
Microsoft Visual Studio Solution File, Format Version 12.00
# Visual Studio Version 17
VisualStudioVersion = 17.1.32328.378
MinimumVisualStudioVersion = 10.0.40219.1
Project("{FAE04EC0-301F-11D3-BF4B-00C04F79EFBC}") = "Inheritance", "Inheritance\Inheritance.csproj", "{BBD39251-BC6A-4FB7-8A3D-07CC3A9CA75E}"
EndProject
Global
	GlobalSection(SolutionConfigurationPlatforms) = preSolution
		Debug|Any CPU = Debug|Any CPU
		Release|Any CPU = Release|Any CPU
	EndGlobalSection
	GlobalSection(ProjectConfigurationPlatforms) = postSolution
		{BBD39251-BC6A-4FB7-8A3D-07CC3A9CA75E}.Debug|Any CPU.ActiveCfg = Debug|Any CPU
		{BBD39251-BC6A-4FB7-8A3D-07CC3A9CA75E}.Debug|Any CPU.Build.0 = Debug|Any CPU
		{BBD39251-BC6A-4FB7-8A3D-07CC3A9CA75E}.Release|Any CPU.ActiveCfg = Release|Any CPU
		{BBD39251-BC6A-4FB7-8A3D-07CC3A9CA75E}.Release|Any CPU.Build.0 = Release|Any CPU
	EndGlobalSection
	GlobalSection(SolutionProperties) = preSolution
		HideSolutionNode = FALSE
	EndGlobalSection
	GlobalSection(ExtensibilityGlobals) = postSolution
		SolutionGuid = {70513119-FAE8-4C62-A1EF-D4D4BB5D0D1E}
	EndGlobalSection
EndGlobal
